
Microsoft Visual Studio Solution File, Format Version 12.00
# Visual Studio 15
VisualStudioVersion = 15.0.27130.2024
MinimumVisualStudioVersion = 10.0.40219.1
Project("{FAE04EC0-301F-11D3-BF4B-00C04F79EFBC}") = "RBeausoleilPROG2370FinalAssignment", "RBeausoleilPROG2370FinalAssignment\RBeausoleilPROG2370FinalAssignment.csproj", "{F07EEB43-E384-4FD1-B4C7-7575DF0D01A1}"
EndProject
Project("{FAE04EC0-301F-11D3-BF4B-00C04F79EFBC}") = "CustomXna.Framework", "CustomXna.Framework\CustomXna.Framework.csproj", "{8F012E8D-85FC-4C46-ADF8-62B14A456CBC}"
EndProject
Global
	GlobalSection(SolutionConfigurationPlatforms) = preSolution
		Debug|Any CPU = Debug|Any CPU
		Debug|x86 = Debug|x86
		Release|Any CPU = Release|Any CPU
		Release|x86 = Release|x86
	EndGlobalSection
	GlobalSection(ProjectConfigurationPlatforms) = postSolution
		{F07EEB43-E384-4FD1-B4C7-7575DF0D01A1}.Debug|Any CPU.ActiveCfg = Debug|x86
		{F07EEB43-E384-4FD1-B4C7-7575DF0D01A1}.Debug|x86.ActiveCfg = Debug|x86
		{F07EEB43-E384-4FD1-B4C7-7575DF0D01A1}.Debug|x86.Build.0 = Debug|x86
		{F07EEB43-E384-4FD1-B4C7-7575DF0D01A1}.Release|Any CPU.ActiveCfg = Release|x86
		{F07EEB43-E384-4FD1-B4C7-7575DF0D01A1}.Release|x86.ActiveCfg = Release|x86
		{F07EEB43-E384-4FD1-B4C7-7575DF0D01A1}.Release|x86.Build.0 = Release|x86
		{8F012E8D-85FC-4C46-ADF8-62B14A456CBC}.Debug|Any CPU.ActiveCfg = Debug|Any CPU
		{8F012E8D-85FC-4C46-ADF8-62B14A456CBC}.Debug|Any CPU.Build.0 = Debug|Any CPU
		{8F012E8D-85FC-4C46-ADF8-62B14A456CBC}.Debug|x86.ActiveCfg = Debug|Any CPU
		{8F012E8D-85FC-4C46-ADF8-62B14A456CBC}.Debug|x86.Build.0 = Debug|Any CPU
		{8F012E8D-85FC-4C46-ADF8-62B14A456CBC}.Release|Any CPU.ActiveCfg = Release|Any CPU
		{8F012E8D-85FC-4C46-ADF8-62B14A456CBC}.Release|Any CPU.Build.0 = Release|Any CPU
		{8F012E8D-85FC-4C46-ADF8-62B14A456CBC}.Release|x86.ActiveCfg = Release|Any CPU
		{8F012E8D-85FC-4C46-ADF8-62B14A456CBC}.Release|x86.Build.0 = Release|Any CPU
	EndGlobalSection
	GlobalSection(SolutionProperties) = preSolution
		HideSolutionNode = FALSE
	EndGlobalSection
	GlobalSection(ExtensibilityGlobals) = postSolution
		SolutionGuid = {1B757E08-CCA9-40B0-A4A8-C3B80A917414}
	EndGlobalSection
EndGlobal
